
Microsoft Visual Studio Solution File, Format Version 12.00
# Visual Studio 15
VisualStudioVersion = 15.0.28307.779
MinimumVisualStudioVersion = 10.0.40219.1
Project("{FAE04EC0-301F-11D3-BF4B-00C04F79EFBC}") = "GruppAKonsult", "GruppAKonsult\GruppAKonsult.csproj", "{A7B7A2CB-51A4-4AB7-B9ED-6E1D1FC508FC}"
EndProject
Project("{FAE04EC0-301F-11D3-BF4B-00C04F79EFBC}") = "GruppAKonsult.Tests", "GruppAKonsult.Tests\GruppAKonsult.Tests.csproj", "{A1D72DD0-3DCB-49A8-9160-5A76748CA4FF}"
EndProject
Project("{2150E333-8FDC-42A3-9474-1A3956D46DE8}") = "ViewModels", "ViewModels", "{6DF4E0DB-AED2-403D-B1DA-534304BE4A91}"
	ProjectSection(SolutionItems) = preProject
		CVVM.cs = CVVM.cs
	EndProjectSection
EndProject
Global
	GlobalSection(SolutionConfigurationPlatforms) = preSolution
		Debug|Any CPU = Debug|Any CPU
		Release|Any CPU = Release|Any CPU
	EndGlobalSection
	GlobalSection(ProjectConfigurationPlatforms) = postSolution
		{A7B7A2CB-51A4-4AB7-B9ED-6E1D1FC508FC}.Debug|Any CPU.ActiveCfg = Debug|Any CPU
		{A7B7A2CB-51A4-4AB7-B9ED-6E1D1FC508FC}.Debug|Any CPU.Build.0 = Debug|Any CPU
		{A7B7A2CB-51A4-4AB7-B9ED-6E1D1FC508FC}.Release|Any CPU.ActiveCfg = Release|Any CPU
		{A7B7A2CB-51A4-4AB7-B9ED-6E1D1FC508FC}.Release|Any CPU.Build.0 = Release|Any CPU
		{A1D72DD0-3DCB-49A8-9160-5A76748CA4FF}.Debug|Any CPU.ActiveCfg = Debug|Any CPU
		{A1D72DD0-3DCB-49A8-9160-5A76748CA4FF}.Debug|Any CPU.Build.0 = Debug|Any CPU
		{A1D72DD0-3DCB-49A8-9160-5A76748CA4FF}.Release|Any CPU.ActiveCfg = Release|Any CPU
		{A1D72DD0-3DCB-49A8-9160-5A76748CA4FF}.Release|Any CPU.Build.0 = Release|Any CPU
	EndGlobalSection
	GlobalSection(SolutionProperties) = preSolution
		HideSolutionNode = FALSE
	EndGlobalSection
	GlobalSection(ExtensibilityGlobals) = postSolution
		SolutionGuid = {6D0CC207-BBCD-4398-9C6F-C33154D5FB87}
	EndGlobalSection
EndGlobal
